
Microsoft Visual Studio Solution File, Format Version 12.00
# Visual Studio Version 17
VisualStudioVersion = 17.12.35707.178
MinimumVisualStudioVersion = 10.0.40219.1
Project("{FAE04EC0-301F-11D3-BF4B-00C04F79EFBC}") = "Singleton", "Singleton\Singleton.csproj", "{0BC0A099-6956-418C-B65C-E7B7E7DEADB1}"
EndProject
Project("{FAE04EC0-301F-11D3-BF4B-00C04F79EFBC}") = "TemplateMethod", "TemplateMethod\TemplateMethod.csproj", "{884F2A91-5223-4ACB-B457-EBF2A2455F1D}"
EndProject
Project("{FAE04EC0-301F-11D3-BF4B-00C04F79EFBC}") = "Decorator", "Decorator\Decorator.csproj", "{3838EAE8-8A42-442D-B3BA-142CA38D6842}"
EndProject
Project("{FAE04EC0-301F-11D3-BF4B-00C04F79EFBC}") = "Command", "Command\Command.csproj", "{D92FDC75-5080-4B00-B09A-6BFD5787B7CF}"
EndProject
Project("{FAE04EC0-301F-11D3-BF4B-00C04F79EFBC}") = "ChainOfResponsability", "ChainOfResponsability\ChainOfResponsability.csproj", "{A06A97A1-48D7-44E9-BF6B-BE2475DE7F93}"
EndProject
Project("{FAE04EC0-301F-11D3-BF4B-00C04F79EFBC}") = "FactoryMethod", "FactoryMethod\FactoryMethod.csproj", "{1EF836C6-4253-4327-BDF6-46D67886503B}"
EndProject
Project("{FAE04EC0-301F-11D3-BF4B-00C04F79EFBC}") = "Facade", "Facade\Facade.csproj", "{6CC991DF-2B3D-4474-939B-2E2F9DACC514}"
EndProject
Project("{FAE04EC0-301F-11D3-BF4B-00C04F79EFBC}") = "Memento", "Memento\Memento.csproj", "{AC00F44D-43F0-410B-A6F0-E1F9F32ED086}"
EndProject
Project("{FAE04EC0-301F-11D3-BF4B-00C04F79EFBC}") = "AbstractFactory", "AbstractFactory\AbstractFactory.csproj", "{DFE67EF4-F484-454C-AE10-AC6BCFE8AAE7}"
EndProject
Project("{FAE04EC0-301F-11D3-BF4B-00C04F79EFBC}") = "Builder", "Builder\Builder.csproj", "{046E746F-0D49-ADED-C09E-82E7BB7CCBCE}"
EndProject
Project("{FAE04EC0-301F-11D3-BF4B-00C04F79EFBC}") = "State", "State\State\State.csproj", "{71C49AFF-EC74-BAC0-4C0B-86CC19FCED07}"
EndProject
Project("{FAE04EC0-301F-11D3-BF4B-00C04F79EFBC}") = "Proxy", "Proxy\Proxy.csproj", "{47B0A6C7-1F50-C268-8CE6-88FF7EC07B01}"
EndProject
Global
	GlobalSection(SolutionConfigurationPlatforms) = preSolution
		Debug|Any CPU = Debug|Any CPU
		Release|Any CPU = Release|Any CPU
	EndGlobalSection
	GlobalSection(ProjectConfigurationPlatforms) = postSolution
		{0BC0A099-6956-418C-B65C-E7B7E7DEADB1}.Debug|Any CPU.ActiveCfg = Debug|Any CPU
		{0BC0A099-6956-418C-B65C-E7B7E7DEADB1}.Debug|Any CPU.Build.0 = Debug|Any CPU
		{0BC0A099-6956-418C-B65C-E7B7E7DEADB1}.Release|Any CPU.ActiveCfg = Release|Any CPU
		{0BC0A099-6956-418C-B65C-E7B7E7DEADB1}.Release|Any CPU.Build.0 = Release|Any CPU
		{884F2A91-5223-4ACB-B457-EBF2A2455F1D}.Debug|Any CPU.ActiveCfg = Debug|Any CPU
		{884F2A91-5223-4ACB-B457-EBF2A2455F1D}.Debug|Any CPU.Build.0 = Debug|Any CPU
		{884F2A91-5223-4ACB-B457-EBF2A2455F1D}.Release|Any CPU.ActiveCfg = Release|Any CPU
		{884F2A91-5223-4ACB-B457-EBF2A2455F1D}.Release|Any CPU.Build.0 = Release|Any CPU
		{3838EAE8-8A42-442D-B3BA-142CA38D6842}.Debug|Any CPU.ActiveCfg = Debug|Any CPU
		{3838EAE8-8A42-442D-B3BA-142CA38D6842}.Debug|Any CPU.Build.0 = Debug|Any CPU
		{3838EAE8-8A42-442D-B3BA-142CA38D6842}.Release|Any CPU.ActiveCfg = Release|Any CPU
		{3838EAE8-8A42-442D-B3BA-142CA38D6842}.Release|Any CPU.Build.0 = Release|Any CPU
		{D92FDC75-5080-4B00-B09A-6BFD5787B7CF}.Debug|Any CPU.ActiveCfg = Debug|Any CPU
		{D92FDC75-5080-4B00-B09A-6BFD5787B7CF}.Debug|Any CPU.Build.0 = Debug|Any CPU
		{D92FDC75-5080-4B00-B09A-6BFD5787B7CF}.Release|Any CPU.ActiveCfg = Release|Any CPU
		{D92FDC75-5080-4B00-B09A-6BFD5787B7CF}.Release|Any CPU.Build.0 = Release|Any CPU
		{A06A97A1-48D7-44E9-BF6B-BE2475DE7F93}.Debug|Any CPU.ActiveCfg = Debug|Any CPU
		{A06A97A1-48D7-44E9-BF6B-BE2475DE7F93}.Debug|Any CPU.Build.0 = Debug|Any CPU
		{A06A97A1-48D7-44E9-BF6B-BE2475DE7F93}.Release|Any CPU.ActiveCfg = Release|Any CPU
		{A06A97A1-48D7-44E9-BF6B-BE2475DE7F93}.Release|Any CPU.Build.0 = Release|Any CPU
		{1EF836C6-4253-4327-BDF6-46D67886503B}.Debug|Any CPU.ActiveCfg = Debug|Any CPU
		{1EF836C6-4253-4327-BDF6-46D67886503B}.Debug|Any CPU.Build.0 = Debug|Any CPU
		{1EF836C6-4253-4327-BDF6-46D67886503B}.Release|Any CPU.ActiveCfg = Release|Any CPU
		{1EF836C6-4253-4327-BDF6-46D67886503B}.Release|Any CPU.Build.0 = Release|Any CPU
		{6CC991DF-2B3D-4474-939B-2E2F9DACC514}.Debug|Any CPU.ActiveCfg = Debug|Any CPU
		{6CC991DF-2B3D-4474-939B-2E2F9DACC514}.Debug|Any CPU.Build.0 = Debug|Any CPU
		{6CC991DF-2B3D-4474-939B-2E2F9DACC514}.Release|Any CPU.ActiveCfg = Release|Any CPU
		{6CC991DF-2B3D-4474-939B-2E2F9DACC514}.Release|Any CPU.Build.0 = Release|Any CPU
		{AC00F44D-43F0-410B-A6F0-E1F9F32ED086}.Debug|Any CPU.ActiveCfg = Debug|Any CPU
		{AC00F44D-43F0-410B-A6F0-E1F9F32ED086}.Debug|Any CPU.Build.0 = Debug|Any CPU
		{AC00F44D-43F0-410B-A6F0-E1F9F32ED086}.Release|Any CPU.ActiveCfg = Release|Any CPU
		{AC00F44D-43F0-410B-A6F0-E1F9F32ED086}.Release|Any CPU.Build.0 = Release|Any CPU
		{DFE67EF4-F484-454C-AE10-AC6BCFE8AAE7}.Debug|Any CPU.ActiveCfg = Debug|Any CPU
		{DFE67EF4-F484-454C-AE10-AC6BCFE8AAE7}.Debug|Any CPU.Build.0 = Debug|Any CPU
		{DFE67EF4-F484-454C-AE10-AC6BCFE8AAE7}.Release|Any CPU.ActiveCfg = Release|Any CPU
		{DFE67EF4-F484-454C-AE10-AC6BCFE8AAE7}.Release|Any CPU.Build.0 = Release|Any CPU
		{046E746F-0D49-ADED-C09E-82E7BB7CCBCE}.Debug|Any CPU.ActiveCfg = Debug|Any CPU
		{046E746F-0D49-ADED-C09E-82E7BB7CCBCE}.Debug|Any CPU.Build.0 = Debug|Any CPU
		{046E746F-0D49-ADED-C09E-82E7BB7CCBCE}.Release|Any CPU.ActiveCfg = Release|Any CPU
		{046E746F-0D49-ADED-C09E-82E7BB7CCBCE}.Release|Any CPU.Build.0 = Release|Any CPU
		{71C49AFF-EC74-BAC0-4C0B-86CC19FCED07}.Debug|Any CPU.ActiveCfg = Debug|Any CPU
		{71C49AFF-EC74-BAC0-4C0B-86CC19FCED07}.Debug|Any CPU.Build.0 = Debug|Any CPU
		{71C49AFF-EC74-BAC0-4C0B-86CC19FCED07}.Release|Any CPU.ActiveCfg = Release|Any CPU
		{71C49AFF-EC74-BAC0-4C0B-86CC19FCED07}.Release|Any CPU.Build.0 = Release|Any CPU
		{47B0A6C7-1F50-C268-8CE6-88FF7EC07B01}.Debug|Any CPU.ActiveCfg = Debug|Any CPU
		{47B0A6C7-1F50-C268-8CE6-88FF7EC07B01}.Debug|Any CPU.Build.0 = Debug|Any CPU
		{47B0A6C7-1F50-C268-8CE6-88FF7EC07B01}.Release|Any CPU.ActiveCfg = Release|Any CPU
		{47B0A6C7-1F50-C268-8CE6-88FF7EC07B01}.Release|Any CPU.Build.0 = Release|Any CPU
	EndGlobalSection
	GlobalSection(SolutionProperties) = preSolution
		HideSolutionNode = FALSE
	EndGlobalSection
	GlobalSection(ExtensibilityGlobals) = postSolution
		SolutionGuid = {869BF71A-7250-4B2A-80B2-7B35D554137C}
	EndGlobalSection
EndGlobal
